
Microsoft Visual Studio Solution File, Format Version 12.00
# Visual Studio Version 17
VisualStudioVersion = 17.13.35806.99 d17.13
MinimumVisualStudioVersion = 10.0.40219.1
Project("{FAE04EC0-301F-11D3-BF4B-00C04F79EFBC}") = "ToDoList WinForms", "ToDoList WinForms\ToDoList WinForms.csproj", "{7CC5FC15-D2AD-42B2-8896-D12D1693BC66}"
EndProject
Global
	GlobalSection(SolutionConfigurationPlatforms) = preSolution
		Debug|Any CPU = Debug|Any CPU
		Release|Any CPU = Release|Any CPU
	EndGlobalSection
	GlobalSection(ProjectConfigurationPlatforms) = postSolution
		{7CC5FC15-D2AD-42B2-8896-D12D1693BC66}.Debug|Any CPU.ActiveCfg = Debug|Any CPU
		{7CC5FC15-D2AD-42B2-8896-D12D1693BC66}.Debug|Any CPU.Build.0 = Debug|Any CPU
		{7CC5FC15-D2AD-42B2-8896-D12D1693BC66}.Release|Any CPU.ActiveCfg = Release|Any CPU
		{7CC5FC15-D2AD-42B2-8896-D12D1693BC66}.Release|Any CPU.Build.0 = Release|Any CPU
	EndGlobalSection
	GlobalSection(SolutionProperties) = preSolution
		HideSolutionNode = FALSE
	EndGlobalSection
	GlobalSection(ExtensibilityGlobals) = postSolution
		SolutionGuid = {BAB6AA54-ECB6-4F22-B114-66A9BCA50019}
	EndGlobalSection
EndGlobal
